
Microsoft Visual Studio Solution File, Format Version 12.00
# Visual Studio Version 17
VisualStudioVersion = 17.11.35327.3
MinimumVisualStudioVersion = 10.0.40219.1
Project("{FAE04EC0-301F-11D3-BF4B-00C04F79EFBC}") = "MicroservicioPerros", "MicroservicioPerros\MicroservicioPerros.csproj", "{75C37FDA-0A15-4B6B-95C9-2DC4EF093C90}"
EndProject
Global
	GlobalSection(SolutionConfigurationPlatforms) = preSolution
		Debug|Any CPU = Debug|Any CPU
		Release|Any CPU = Release|Any CPU
	EndGlobalSection
	GlobalSection(ProjectConfigurationPlatforms) = postSolution
		{75C37FDA-0A15-4B6B-95C9-2DC4EF093C90}.Debug|Any CPU.ActiveCfg = Debug|Any CPU
		{75C37FDA-0A15-4B6B-95C9-2DC4EF093C90}.Debug|Any CPU.Build.0 = Debug|Any CPU
		{75C37FDA-0A15-4B6B-95C9-2DC4EF093C90}.Release|Any CPU.ActiveCfg = Release|Any CPU
		{75C37FDA-0A15-4B6B-95C9-2DC4EF093C90}.Release|Any CPU.Build.0 = Release|Any CPU
	EndGlobalSection
	GlobalSection(SolutionProperties) = preSolution
		HideSolutionNode = FALSE
	EndGlobalSection
	GlobalSection(ExtensibilityGlobals) = postSolution
		SolutionGuid = {8E8F917B-923B-4F1A-A311-B27838963BD4}
	EndGlobalSection
EndGlobal
